// !$*UTF8*$!
{
	archiveVersion = 1;
	classes = {
	};
	objectVersion = 56;
	objects = {

/* Begin PBXBuildFile section */
		460CE6742C0CB297009AFA53 /* AppointmentViewModel.swift in Sources */ = {isa = PBXBuildFile; fileRef = 460CE6732C0CB297009AFA53 /* AppointmentViewModel.swift */; };
		460CE6772C0CC37E009AFA53 /* CreateAppointmentView.swift in Sources */ = {isa = PBXBuildFile; fileRef = 460CE6762C0CC37E009AFA53 /* CreateAppointmentView.swift */; };
		46139D692C0A7C6D00EBFBD0 /* Client.swift in Sources */ = {isa = PBXBuildFile; fileRef = 46139D682C0A7C6D00EBFBD0 /* Client.swift */; };
		46139D6B2C0A7D1300EBFBD0 /* ClientViewModel.swift in Sources */ = {isa = PBXBuildFile; fileRef = 46139D6A2C0A7D1300EBFBD0 /* ClientViewModel.swift */; };
		462731FD2C08ADB80063524D /* GoogleService-Info.plist in Resources */ = {isa = PBXBuildFile; fileRef = 462731FC2C08ADB80063524D /* GoogleService-Info.plist */; };
		462732012C08AE800063524D /* FirebaseFirestore in Frameworks */ = {isa = PBXBuildFile; productRef = 462732002C08AE800063524D /* FirebaseFirestore */; };
		462732032C08AE8A0063524D /* FirebaseFirestoreSwift in Frameworks */ = {isa = PBXBuildFile; productRef = 462732022C08AE8A0063524D /* FirebaseFirestoreSwift */; };
		462732052C08AE910063524D /* FirebaseAuth in Frameworks */ = {isa = PBXBuildFile; productRef = 462732042C08AE910063524D /* FirebaseAuth */; };
		462732072C08AE990063524D /* FirebaseStorage in Frameworks */ = {isa = PBXBuildFile; productRef = 462732062C08AE990063524D /* FirebaseStorage */; };
		4627320B2C08AFAD0063524D /* InputView.swift in Sources */ = {isa = PBXBuildFile; fileRef = 4627320A2C08AFAD0063524D /* InputView.swift */; };
		4627320E2C08B1A90063524D /* AuthManager.swift in Sources */ = {isa = PBXBuildFile; fileRef = 4627320D2C08B1A90063524D /* AuthManager.swift */; };
		462732102C08B2930063524D /* AppUser.swift in Sources */ = {isa = PBXBuildFile; fileRef = 4627320F2C08B2930063524D /* AppUser.swift */; };
		462732122C08B50C0063524D /* SignInViewModel.swift in Sources */ = {isa = PBXBuildFile; fileRef = 462732112C08B50C0063524D /* SignInViewModel.swift */; };
		462732142C08BB710063524D /* SettingsViewModel.swift in Sources */ = {isa = PBXBuildFile; fileRef = 462732132C08BB710063524D /* SettingsViewModel.swift */; };
		464F9F582C0DE38600357430 /* SelectClientView.swift in Sources */ = {isa = PBXBuildFile; fileRef = 464F9F572C0DE38600357430 /* SelectClientView.swift */; };
		464F9F5A2C0DEE6B00357430 /* ConfirmedBookingView.swift in Sources */ = {isa = PBXBuildFile; fileRef = 464F9F592C0DEE6B00357430 /* ConfirmedBookingView.swift */; };
		465A96C32C0F2687007BE421 /* ServiceViewModel.swift in Sources */ = {isa = PBXBuildFile; fileRef = 465A96C22C0F2687007BE421 /* ServiceViewModel.swift */; };
		465A96C62C0F2B7A007BE421 /* ServicesView.swift in Sources */ = {isa = PBXBuildFile; fileRef = 465A96C52C0F2B7A007BE421 /* ServicesView.swift */; };
		465A96C82C0F2E85007BE421 /* CreateServiceView.swift in Sources */ = {isa = PBXBuildFile; fileRef = 465A96C72C0F2E85007BE421 /* CreateServiceView.swift */; };
		465A96CA2C0F393E007BE421 /* CreateNavButton.swift in Sources */ = {isa = PBXBuildFile; fileRef = 465A96C92C0F393E007BE421 /* CreateNavButton.swift */; };
		465A96CC2C0F422D007BE421 /* ServiceDetailView.swift in Sources */ = {isa = PBXBuildFile; fileRef = 465A96CB2C0F422D007BE421 /* ServiceDetailView.swift */; };
		4683224E2BF381E5006F9BD4 /* JournalProApp.swift in Sources */ = {isa = PBXBuildFile; fileRef = 4683224D2BF381E5006F9BD4 /* JournalProApp.swift */; };
		468322522BF381E6006F9BD4 /* Assets.xcassets in Resources */ = {isa = PBXBuildFile; fileRef = 468322512BF381E6006F9BD4 /* Assets.xcassets */; };
		468322552BF381E6006F9BD4 /* Preview Assets.xcassets in Resources */ = {isa = PBXBuildFile; fileRef = 468322542BF381E6006F9BD4 /* Preview Assets.xcassets */; };
		4683225F2BF381E6006F9BD4 /* JournalProTests.swift in Sources */ = {isa = PBXBuildFile; fileRef = 4683225E2BF381E6006F9BD4 /* JournalProTests.swift */; };
		468322692BF381E6006F9BD4 /* JournalProUITests.swift in Sources */ = {isa = PBXBuildFile; fileRef = 468322682BF381E6006F9BD4 /* JournalProUITests.swift */; };
		4683226B2BF381E6006F9BD4 /* JournalProUITestsLaunchTests.swift in Sources */ = {isa = PBXBuildFile; fileRef = 4683226A2BF381E6006F9BD4 /* JournalProUITestsLaunchTests.swift */; };
		468322842BF387D4006F9BD4 /* CreateClientView.swift in Sources */ = {isa = PBXBuildFile; fileRef = 468322832BF387D4006F9BD4 /* CreateClientView.swift */; };
		468322862BF38A16006F9BD4 /* ClientView.swift in Sources */ = {isa = PBXBuildFile; fileRef = 468322852BF38A16006F9BD4 /* ClientView.swift */; };
		4683228C2BF38C64006F9BD4 /* ClientDetailView.swift in Sources */ = {isa = PBXBuildFile; fileRef = 4683228B2BF38C64006F9BD4 /* ClientDetailView.swift */; };
		4692670E2C132B0E00498B4B /* SelectServiceView.swift in Sources */ = {isa = PBXBuildFile; fileRef = 4692670D2C132B0E00498B4B /* SelectServiceView.swift */; };
		46E1E7802C0A50DD00522BD4 /* SignInView.swift in Sources */ = {isa = PBXBuildFile; fileRef = 46E1E77F2C0A50DD00522BD4 /* SignInView.swift */; };
		46E1E7822C0A54F100522BD4 /* Appointment.swift in Sources */ = {isa = PBXBuildFile; fileRef = 46E1E7812C0A54F100522BD4 /* Appointment.swift */; };
		46E1E7842C0A550A00522BD4 /* Service.swift in Sources */ = {isa = PBXBuildFile; fileRef = 46E1E7832C0A550A00522BD4 /* Service.swift */; };
		46E1E7862C0A554900522BD4 /* FirebaseConstants.swift in Sources */ = {isa = PBXBuildFile; fileRef = 46E1E7852C0A554900522BD4 /* FirebaseConstants.swift */; };
/* End PBXBuildFile section */

/* Begin PBXContainerItemProxy section */
		4683225B2BF381E6006F9BD4 /* PBXContainerItemProxy */ = {
			isa = PBXContainerItemProxy;
			containerPortal = 468322422BF381E5006F9BD4 /* Project object */;
			proxyType = 1;
			remoteGlobalIDString = 468322492BF381E5006F9BD4;
			remoteInfo = JournalPro;
		};
		468322652BF381E6006F9BD4 /* PBXContainerItemProxy */ = {
			isa = PBXContainerItemProxy;
			containerPortal = 468322422BF381E5006F9BD4 /* Project object */;
			proxyType = 1;
			remoteGlobalIDString = 468322492BF381E5006F9BD4;
			remoteInfo = JournalPro;
		};
/* End PBXContainerItemProxy section */

/* Begin PBXFileReference section */
		460CE6732C0CB297009AFA53 /* AppointmentViewModel.swift */ = {isa = PBXFileReference; lastKnownFileType = sourcecode.swift; path = AppointmentViewModel.swift; sourceTree = "<group>"; };
		460CE6762C0CC37E009AFA53 /* CreateAppointmentView.swift */ = {isa = PBXFileReference; lastKnownFileType = sourcecode.swift; path = CreateAppointmentView.swift; sourceTree = "<group>"; };
		46139D682C0A7C6D00EBFBD0 /* Client.swift */ = {isa = PBXFileReference; lastKnownFileType = sourcecode.swift; path = Client.swift; sourceTree = "<group>"; };
		46139D6A2C0A7D1300EBFBD0 /* ClientViewModel.swift */ = {isa = PBXFileReference; lastKnownFileType = sourcecode.swift; path = ClientViewModel.swift; sourceTree = "<group>"; };
		462731FC2C08ADB80063524D /* GoogleService-Info.plist */ = {isa = PBXFileReference; fileEncoding = 4; lastKnownFileType = text.plist.xml; path = "GoogleService-Info.plist"; sourceTree = "<group>"; };
		4627320A2C08AFAD0063524D /* InputView.swift */ = {isa = PBXFileReference; lastKnownFileType = sourcecode.swift; path = InputView.swift; sourceTree = "<group>"; };
		4627320D2C08B1A90063524D /* AuthManager.swift */ = {isa = PBXFileReference; lastKnownFileType = sourcecode.swift; path = AuthManager.swift; sourceTree = "<group>"; };
		4627320F2C08B2930063524D /* AppUser.swift */ = {isa = PBXFileReference; lastKnownFileType = sourcecode.swift; path = AppUser.swift; sourceTree = "<group>"; };
		462732112C08B50C0063524D /* SignInViewModel.swift */ = {isa = PBXFileReference; lastKnownFileType = sourcecode.swift; path = SignInViewModel.swift; sourceTree = "<group>"; };
		462732132C08BB710063524D /* SettingsViewModel.swift */ = {isa = PBXFileReference; lastKnownFileType = sourcecode.swift; path = SettingsViewModel.swift; sourceTree = "<group>"; };
		464F9F572C0DE38600357430 /* SelectClientView.swift */ = {isa = PBXFileReference; lastKnownFileType = sourcecode.swift; path = SelectClientView.swift; sourceTree = "<group>"; };
		464F9F592C0DEE6B00357430 /* ConfirmedBookingView.swift */ = {isa = PBXFileReference; lastKnownFileType = sourcecode.swift; path = ConfirmedBookingView.swift; sourceTree = "<group>"; };
		465A96C22C0F2687007BE421 /* ServiceViewModel.swift */ = {isa = PBXFileReference; lastKnownFileType = sourcecode.swift; path = ServiceViewModel.swift; sourceTree = "<group>"; };
		465A96C52C0F2B7A007BE421 /* ServicesView.swift */ = {isa = PBXFileReference; lastKnownFileType = sourcecode.swift; path = ServicesView.swift; sourceTree = "<group>"; };
		465A96C72C0F2E85007BE421 /* CreateServiceView.swift */ = {isa = PBXFileReference; lastKnownFileType = sourcecode.swift; path = CreateServiceView.swift; sourceTree = "<group>"; };
		465A96C92C0F393E007BE421 /* CreateNavButton.swift */ = {isa = PBXFileReference; lastKnownFileType = sourcecode.swift; path = CreateNavButton.swift; sourceTree = "<group>"; };
		465A96CB2C0F422D007BE421 /* ServiceDetailView.swift */ = {isa = PBXFileReference; lastKnownFileType = sourcecode.swift; path = ServiceDetailView.swift; sourceTree = "<group>"; };
		4683224A2BF381E5006F9BD4 /* JournalPro.app */ = {isa = PBXFileReference; explicitFileType = wrapper.application; includeInIndex = 0; path = JournalPro.app; sourceTree = BUILT_PRODUCTS_DIR; };
		4683224D2BF381E5006F9BD4 /* JournalProApp.swift */ = {isa = PBXFileReference; lastKnownFileType = sourcecode.swift; path = JournalProApp.swift; sourceTree = "<group>"; };
		468322512BF381E6006F9BD4 /* Assets.xcassets */ = {isa = PBXFileReference; lastKnownFileType = folder.assetcatalog; path = Assets.xcassets; sourceTree = "<group>"; };
		468322542BF381E6006F9BD4 /* Preview Assets.xcassets */ = {isa = PBXFileReference; lastKnownFileType = folder.assetcatalog; path = "Preview Assets.xcassets"; sourceTree = "<group>"; };
		4683225A2BF381E6006F9BD4 /* JournalProTests.xctest */ = {isa = PBXFileReference; explicitFileType = wrapper.cfbundle; includeInIndex = 0; path = JournalProTests.xctest; sourceTree = BUILT_PRODUCTS_DIR; };
		4683225E2BF381E6006F9BD4 /* JournalProTests.swift */ = {isa = PBXFileReference; lastKnownFileType = sourcecode.swift; path = JournalProTests.swift; sourceTree = "<group>"; };
		468322642BF381E6006F9BD4 /* JournalProUITests.xctest */ = {isa = PBXFileReference; explicitFileType = wrapper.cfbundle; includeInIndex = 0; path = JournalProUITests.xctest; sourceTree = BUILT_PRODUCTS_DIR; };
		468322682BF381E6006F9BD4 /* JournalProUITests.swift */ = {isa = PBXFileReference; lastKnownFileType = sourcecode.swift; path = JournalProUITests.swift; sourceTree = "<group>"; };
		4683226A2BF381E6006F9BD4 /* JournalProUITestsLaunchTests.swift */ = {isa = PBXFileReference; lastKnownFileType = sourcecode.swift; path = JournalProUITestsLaunchTests.swift; sourceTree = "<group>"; };
		468322832BF387D4006F9BD4 /* CreateClientView.swift */ = {isa = PBXFileReference; lastKnownFileType = sourcecode.swift; path = CreateClientView.swift; sourceTree = "<group>"; };
		468322852BF38A16006F9BD4 /* ClientView.swift */ = {isa = PBXFileReference; lastKnownFileType = sourcecode.swift; path = ClientView.swift; sourceTree = "<group>"; };
		4683228B2BF38C64006F9BD4 /* ClientDetailView.swift */ = {isa = PBXFileReference; lastKnownFileType = sourcecode.swift; path = ClientDetailView.swift; sourceTree = "<group>"; };
		4692670D2C132B0E00498B4B /* SelectServiceView.swift */ = {isa = PBXFileReference; lastKnownFileType = sourcecode.swift; path = SelectServiceView.swift; sourceTree = "<group>"; };
		46E1E77F2C0A50DD00522BD4 /* SignInView.swift */ = {isa = PBXFileReference; lastKnownFileType = sourcecode.swift; path = SignInView.swift; sourceTree = "<group>"; };
		46E1E7812C0A54F100522BD4 /* Appointment.swift */ = {isa = PBXFileReference; lastKnownFileType = sourcecode.swift; path = Appointment.swift; sourceTree = "<group>"; };
		46E1E7832C0A550A00522BD4 /* Service.swift */ = {isa = PBXFileReference; lastKnownFileType = sourcecode.swift; path = Service.swift; sourceTree = "<group>"; };
		46E1E7852C0A554900522BD4 /* FirebaseConstants.swift */ = {isa = PBXFileReference; lastKnownFileType = sourcecode.swift; path = FirebaseConstants.swift; sourceTree = "<group>"; };
/* End PBXFileReference section */

/* Begin PBXFrameworksBuildPhase section */
		468322472BF381E5006F9BD4 /* Frameworks */ = {
			isa = PBXFrameworksBuildPhase;
			buildActionMask = 2147483647;
			files = (
				462732012C08AE800063524D /* FirebaseFirestore in Frameworks */,
				462732072C08AE990063524D /* FirebaseStorage in Frameworks */,
				462732052C08AE910063524D /* FirebaseAuth in Frameworks */,
				462732032C08AE8A0063524D /* FirebaseFirestoreSwift in Frameworks */,
			);
			runOnlyForDeploymentPostprocessing = 0;
		};
		468322572BF381E6006F9BD4 /* Frameworks */ = {
			isa = PBXFrameworksBuildPhase;
			buildActionMask = 2147483647;
			files = (
			);
			runOnlyForDeploymentPostprocessing = 0;
		};
		468322612BF381E6006F9BD4 /* Frameworks */ = {
			isa = PBXFrameworksBuildPhase;
			buildActionMask = 2147483647;
			files = (
			);
			runOnlyForDeploymentPostprocessing = 0;
		};
/* End PBXFrameworksBuildPhase section */

/* Begin PBXGroup section */
		460CE6752C0CC366009AFA53 /* Appointment */ = {
			isa = PBXGroup;
			children = (
				464F9F592C0DEE6B00357430 /* ConfirmedBookingView.swift */,
				460CE6762C0CC37E009AFA53 /* CreateAppointmentView.swift */,
				464F9F572C0DE38600357430 /* SelectClientView.swift */,
				4692670D2C132B0E00498B4B /* SelectServiceView.swift */,
			);
			path = Appointment;
			sourceTree = "<group>";
		};
		462731FF2C08AE800063524D /* Frameworks */ = {
			isa = PBXGroup;
			children = (
			);
			name = Frameworks;
			sourceTree = "<group>";
		};
		462732082C08AF800063524D /* SignIn */ = {
			isa = PBXGroup;
			children = (
				46E1E77F2C0A50DD00522BD4 /* SignInView.swift */,
			);
			path = SignIn;
			sourceTree = "<group>";
		};
		462732092C08AF920063524D /* Components */ = {
			isa = PBXGroup;
			children = (
				465A96C92C0F393E007BE421 /* CreateNavButton.swift */,
				4627320A2C08AFAD0063524D /* InputView.swift */,
			);
			path = Components;
			sourceTree = "<group>";
		};
		4627320C2C08B1660063524D /* Manager */ = {
			isa = PBXGroup;
			children = (
				4627320D2C08B1A90063524D /* AuthManager.swift */,
			);
			path = Manager;
			sourceTree = "<group>";
		};
		465A96C42C0F2B5A007BE421 /* Service */ = {
			isa = PBXGroup;
			children = (
				465A96C72C0F2E85007BE421 /* CreateServiceView.swift */,
				465A96CB2C0F422D007BE421 /* ServiceDetailView.swift */,
				465A96C52C0F2B7A007BE421 /* ServicesView.swift */,
			);
			path = Service;
			sourceTree = "<group>";
		};
		468322412BF381E5006F9BD4 = {
			isa = PBXGroup;
			children = (
				4683227B2BF3823D006F9BD4 /* App */,
				462732092C08AF920063524D /* Components */,
				4627320C2C08B1660063524D /* Manager */,
				468322792BF3822D006F9BD4 /* Model */,
				468322782BF38222006F9BD4 /* ViewModel */,
				468322772BF38219006F9BD4 /* Views */,
				4683224C2BF381E5006F9BD4 /* JournalPro */,
				4683225D2BF381E6006F9BD4 /* JournalProTests */,
				468322672BF381E6006F9BD4 /* JournalProUITests */,
				4683224B2BF381E5006F9BD4 /* Products */,
				462731FF2C08AE800063524D /* Frameworks */,
			);
			sourceTree = "<group>";
		};
		4683224B2BF381E5006F9BD4 /* Products */ = {
			isa = PBXGroup;
			children = (
				4683224A2BF381E5006F9BD4 /* JournalPro.app */,
				4683225A2BF381E6006F9BD4 /* JournalProTests.xctest */,
				468322642BF381E6006F9BD4 /* JournalProUITests.xctest */,
			);
			name = Products;
			sourceTree = "<group>";
		};
		4683224C2BF381E5006F9BD4 /* JournalPro */ = {
			isa = PBXGroup;
			children = (
				468322512BF381E6006F9BD4 /* Assets.xcassets */,
				468322532BF381E6006F9BD4 /* Preview Content */,
			);
			path = JournalPro;
			sourceTree = "<group>";
		};
		468322532BF381E6006F9BD4 /* Preview Content */ = {
			isa = PBXGroup;
			children = (
				468322542BF381E6006F9BD4 /* Preview Assets.xcassets */,
			);
			path = "Preview Content";
			sourceTree = "<group>";
		};
		4683225D2BF381E6006F9BD4 /* JournalProTests */ = {
			isa = PBXGroup;
			children = (
				4683225E2BF381E6006F9BD4 /* JournalProTests.swift */,
			);
			path = JournalProTests;
			sourceTree = "<group>";
		};
		468322672BF381E6006F9BD4 /* JournalProUITests */ = {
			isa = PBXGroup;
			children = (
				468322682BF381E6006F9BD4 /* JournalProUITests.swift */,
				4683226A2BF381E6006F9BD4 /* JournalProUITestsLaunchTests.swift */,
			);
			path = JournalProUITests;
			sourceTree = "<group>";
		};
		468322772BF38219006F9BD4 /* Views */ = {
			isa = PBXGroup;
			children = (
				460CE6752C0CC366009AFA53 /* Appointment */,
				468322822BF387BF006F9BD4 /* Client */,
				465A96C42C0F2B5A007BE421 /* Service */,
				462732082C08AF800063524D /* SignIn */,
			);
			path = Views;
			sourceTree = "<group>";
		};
		468322782BF38222006F9BD4 /* ViewModel */ = {
			isa = PBXGroup;
			children = (
				460CE6732C0CB297009AFA53 /* AppointmentViewModel.swift */,
				46139D6A2C0A7D1300EBFBD0 /* ClientViewModel.swift */,
				462732132C08BB710063524D /* SettingsViewModel.swift */,
				465A96C22C0F2687007BE421 /* ServiceViewModel.swift */,
				462732112C08B50C0063524D /* SignInViewModel.swift */,
			);
			path = ViewModel;
			sourceTree = "<group>";
		};
		468322792BF3822D006F9BD4 /* Model */ = {
			isa = PBXGroup;
			children = (
				46E1E7812C0A54F100522BD4 /* Appointment.swift */,
				4627320F2C08B2930063524D /* AppUser.swift */,
				46139D682C0A7C6D00EBFBD0 /* Client.swift */,
				46E1E7832C0A550A00522BD4 /* Service.swift */,
				4692670C2C13257100498B4B /* CodingKeys */,
			);
			path = Model;
			sourceTree = "<group>";
		};
		4683227B2BF3823D006F9BD4 /* App */ = {
			isa = PBXGroup;
			children = (
				462731FC2C08ADB80063524D /* GoogleService-Info.plist */,
				4683224D2BF381E5006F9BD4 /* JournalProApp.swift */,
			);
			path = App;
			sourceTree = "<group>";
		};
		468322822BF387BF006F9BD4 /* Client */ = {
			isa = PBXGroup;
			children = (
				468322832BF387D4006F9BD4 /* CreateClientView.swift */,
				4683228B2BF38C64006F9BD4 /* ClientDetailView.swift */,
				468322852BF38A16006F9BD4 /* ClientView.swift */,
			);
			path = Client;
			sourceTree = "<group>";
		};
		4692670C2C13257100498B4B /* CodingKeys */ = {
			isa = PBXGroup;
			children = (
				46E1E7852C0A554900522BD4 /* FirebaseConstants.swift */,
			);
			path = CodingKeys;
			sourceTree = "<group>";
		};
/* End PBXGroup section */

/* Begin PBXNativeTarget section */
		468322492BF381E5006F9BD4 /* JournalPro */ = {
			isa = PBXNativeTarget;
			buildConfigurationList = 4683226E2BF381E6006F9BD4 /* Build configuration list for PBXNativeTarget "JournalPro" */;
			buildPhases = (
				468322462BF381E5006F9BD4 /* Sources */,
				468322472BF381E5006F9BD4 /* Frameworks */,
				468322482BF381E5006F9BD4 /* Resources */,
			);
			buildRules = (
			);
			dependencies = (
			);
			name = JournalPro;
			packageProductDependencies = (
				462732002C08AE800063524D /* FirebaseFirestore */,
				462732022C08AE8A0063524D /* FirebaseFirestoreSwift */,
				462732042C08AE910063524D /* FirebaseAuth */,
				462732062C08AE990063524D /* FirebaseStorage */,
			);
			productName = JournalPro;
			productReference = 4683224A2BF381E5006F9BD4 /* JournalPro.app */;
			productType = "com.apple.product-type.application";
		};
		468322592BF381E6006F9BD4 /* JournalProTests */ = {
			isa = PBXNativeTarget;
			buildConfigurationList = 468322712BF381E6006F9BD4 /* Build configuration list for PBXNativeTarget "JournalProTests" */;
			buildPhases = (
				468322562BF381E6006F9BD4 /* Sources */,
				468322572BF381E6006F9BD4 /* Frameworks */,
				468322582BF381E6006F9BD4 /* Resources */,
			);
			buildRules = (
			);
			dependencies = (
				4683225C2BF381E6006F9BD4 /* PBXTargetDependency */,
			);
			name = JournalProTests;
			productName = JournalProTests;
			productReference = 4683225A2BF381E6006F9BD4 /* JournalProTests.xctest */;
			productType = "com.apple.product-type.bundle.unit-test";
		};
		468322632BF381E6006F9BD4 /* JournalProUITests */ = {
			isa = PBXNativeTarget;
			buildConfigurationList = 468322742BF381E6006F9BD4 /* Build configuration list for PBXNativeTarget "JournalProUITests" */;
			buildPhases = (
				468322602BF381E6006F9BD4 /* Sources */,
				468322612BF381E6006F9BD4 /* Frameworks */,
				468322622BF381E6006F9BD4 /* Resources */,
			);
			buildRules = (
			);
			dependencies = (
				468322662BF381E6006F9BD4 /* PBXTargetDependency */,
			);
			name = JournalProUITests;
			productName = JournalProUITests;
			productReference = 468322642BF381E6006F9BD4 /* JournalProUITests.xctest */;
			productType = "com.apple.product-type.bundle.ui-testing";
		};
/* End PBXNativeTarget section */

/* Begin PBXProject section */
		468322422BF381E5006F9BD4 /* Project object */ = {
			isa = PBXProject;
			attributes = {
				BuildIndependentTargetsInParallel = 1;
				LastSwiftUpdateCheck = 1430;
				LastUpgradeCheck = 1430;
				TargetAttributes = {
					468322492BF381E5006F9BD4 = {
						CreatedOnToolsVersion = 14.3.1;
					};
					468322592BF381E6006F9BD4 = {
						CreatedOnToolsVersion = 14.3.1;
						TestTargetID = 468322492BF381E5006F9BD4;
					};
					468322632BF381E6006F9BD4 = {
						CreatedOnToolsVersion = 14.3.1;
						TestTargetID = 468322492BF381E5006F9BD4;
					};
				};
			};
			buildConfigurationList = 468322452BF381E5006F9BD4 /* Build configuration list for PBXProject "JournalPro" */;
			compatibilityVersion = "Xcode 14.0";
			developmentRegion = en;
			hasScannedForEncodings = 0;
			knownRegions = (
				en,
				Base,
			);
			mainGroup = 468322412BF381E5006F9BD4;
			packageReferences = (
				462731FE2C08AE6E0063524D /* XCRemoteSwiftPackageReference "firebase-ios-sdk" */,
			);
			productRefGroup = 4683224B2BF381E5006F9BD4 /* Products */;
			projectDirPath = "";
			projectRoot = "";
			targets = (
				468322492BF381E5006F9BD4 /* JournalPro */,
				468322592BF381E6006F9BD4 /* JournalProTests */,
				468322632BF381E6006F9BD4 /* JournalProUITests */,
			);
		};
/* End PBXProject section */

/* Begin PBXResourcesBuildPhase section */
		468322482BF381E5006F9BD4 /* Resources */ = {
			isa = PBXResourcesBuildPhase;
			buildActionMask = 2147483647;
			files = (
				468322552BF381E6006F9BD4 /* Preview Assets.xcassets in Resources */,
				468322522BF381E6006F9BD4 /* Assets.xcassets in Resources */,
				462731FD2C08ADB80063524D /* GoogleService-Info.plist in Resources */,
			);
			runOnlyForDeploymentPostprocessing = 0;
		};
		468322582BF381E6006F9BD4 /* Resources */ = {
			isa = PBXResourcesBuildPhase;
			buildActionMask = 2147483647;
			files = (
			);
			runOnlyForDeploymentPostprocessing = 0;
		};
		468322622BF381E6006F9BD4 /* Resources */ = {
			isa = PBXResourcesBuildPhase;
			buildActionMask = 2147483647;
			files = (
			);
			runOnlyForDeploymentPostprocessing = 0;
		};
/* End PBXResourcesBuildPhase section */

/* Begin PBXSourcesBuildPhase section */
		468322462BF381E5006F9BD4 /* Sources */ = {
			isa = PBXSourcesBuildPhase;
			buildActionMask = 2147483647;
			files = (
				460CE6742C0CB297009AFA53 /* AppointmentViewModel.swift in Sources */,
				465A96CC2C0F422D007BE421 /* ServiceDetailView.swift in Sources */,
				46E1E7822C0A54F100522BD4 /* Appointment.swift in Sources */,
				46E1E7842C0A550A00522BD4 /* Service.swift in Sources */,
				4627320E2C08B1A90063524D /* AuthManager.swift in Sources */,
				4627320B2C08AFAD0063524D /* InputView.swift in Sources */,
				4683224E2BF381E5006F9BD4 /* JournalProApp.swift in Sources */,
				462732122C08B50C0063524D /* SignInViewModel.swift in Sources */,
				468322842BF387D4006F9BD4 /* CreateClientView.swift in Sources */,
				464F9F5A2C0DEE6B00357430 /* ConfirmedBookingView.swift in Sources */,
				4692670E2C132B0E00498B4B /* SelectServiceView.swift in Sources */,
				46139D6B2C0A7D1300EBFBD0 /* ClientViewModel.swift in Sources */,
				46E1E7862C0A554900522BD4 /* FirebaseConstants.swift in Sources */,
				46139D692C0A7C6D00EBFBD0 /* Client.swift in Sources */,
				46E1E7802C0A50DD00522BD4 /* SignInView.swift in Sources */,
				462732102C08B2930063524D /* AppUser.swift in Sources */,
				465A96C32C0F2687007BE421 /* ServiceViewModel.swift in Sources */,
				465A96CA2C0F393E007BE421 /* CreateNavButton.swift in Sources */,
				460CE6772C0CC37E009AFA53 /* CreateAppointmentView.swift in Sources */,
				465A96C82C0F2E85007BE421 /* CreateServiceView.swift in Sources */,
				462732142C08BB710063524D /* SettingsViewModel.swift in Sources */,
				4683228C2BF38C64006F9BD4 /* ClientDetailView.swift in Sources */,
				468322862BF38A16006F9BD4 /* ClientView.swift in Sources */,
				464F9F582C0DE38600357430 /* SelectClientView.swift in Sources */,
				465A96C62C0F2B7A007BE421 /* ServicesView.swift in Sources */,
			);
			runOnlyForDeploymentPostprocessing = 0;
		};
		468322562BF381E6006F9BD4 /* Sources */ = {
			isa = PBXSourcesBuildPhase;
			buildActionMask = 2147483647;
			files = (
				4683225F2BF381E6006F9BD4 /* JournalProTests.swift in Sources */,
			);
			runOnlyForDeploymentPostprocessing = 0;
		};
		468322602BF381E6006F9BD4 /* Sources */ = {
			isa = PBXSourcesBuildPhase;
			buildActionMask = 2147483647;
			files = (
				4683226B2BF381E6006F9BD4 /* JournalProUITestsLaunchTests.swift in Sources */,
				468322692BF381E6006F9BD4 /* JournalProUITests.swift in Sources */,
			);
			runOnlyForDeploymentPostprocessing = 0;
		};
/* End PBXSourcesBuildPhase section */

/* Begin PBXTargetDependency section */
		4683225C2BF381E6006F9BD4 /* PBXTargetDependency */ = {
			isa = PBXTargetDependency;
			target = 468322492BF381E5006F9BD4 /* JournalPro */;
			targetProxy = 4683225B2BF381E6006F9BD4 /* PBXContainerItemProxy */;
		};
		468322662BF381E6006F9BD4 /* PBXTargetDependency */ = {
			isa = PBXTargetDependency;
			target = 468322492BF381E5006F9BD4 /* JournalPro */;
			targetProxy = 468322652BF381E6006F9BD4 /* PBXContainerItemProxy */;
		};
/* End PBXTargetDependency section */

/* Begin XCBuildConfiguration section */
		4683226C2BF381E6006F9BD4 /* Debug */ = {
			isa = XCBuildConfiguration;
			buildSettings = {
				ALWAYS_SEARCH_USER_PATHS = NO;
				CLANG_ANALYZER_NONNULL = YES;
				CLANG_ANALYZER_NUMBER_OBJECT_CONVERSION = YES_AGGRESSIVE;
				CLANG_CXX_LANGUAGE_STANDARD = "gnu++20";
				CLANG_ENABLE_MODULES = YES;
				CLANG_ENABLE_OBJC_ARC = YES;
				CLANG_ENABLE_OBJC_WEAK = YES;
				CLANG_WARN_BLOCK_CAPTURE_AUTORELEASING = YES;
				CLANG_WARN_BOOL_CONVERSION = YES;
				CLANG_WARN_COMMA = YES;
				CLANG_WARN_CONSTANT_CONVERSION = YES;
				CLANG_WARN_DEPRECATED_OBJC_IMPLEMENTATIONS = YES;
				CLANG_WARN_DIRECT_OBJC_ISA_USAGE = YES_ERROR;
				CLANG_WARN_DOCUMENTATION_COMMENTS = YES;
				CLANG_WARN_EMPTY_BODY = YES;
				CLANG_WARN_ENUM_CONVERSION = YES;
				CLANG_WARN_INFINITE_RECURSION = YES;
				CLANG_WARN_INT_CONVERSION = YES;
				CLANG_WARN_NON_LITERAL_NULL_CONVERSION = YES;
				CLANG_WARN_OBJC_IMPLICIT_RETAIN_SELF = YES;
				CLANG_WARN_OBJC_LITERAL_CONVERSION = YES;
				CLANG_WARN_OBJC_ROOT_CLASS = YES_ERROR;
				CLANG_WARN_QUOTED_INCLUDE_IN_FRAMEWORK_HEADER = YES;
				CLANG_WARN_RANGE_LOOP_ANALYSIS = YES;
				CLANG_WARN_STRICT_PROTOTYPES = YES;
				CLANG_WARN_SUSPICIOUS_MOVE = YES;
				CLANG_WARN_UNGUARDED_AVAILABILITY = YES_AGGRESSIVE;
				CLANG_WARN_UNREACHABLE_CODE = YES;
				CLANG_WARN__DUPLICATE_METHOD_MATCH = YES;
				COPY_PHASE_STRIP = NO;
				DEBUG_INFORMATION_FORMAT = dwarf;
				ENABLE_STRICT_OBJC_MSGSEND = YES;
				ENABLE_TESTABILITY = YES;
				GCC_C_LANGUAGE_STANDARD = gnu11;
				GCC_DYNAMIC_NO_PIC = NO;
				GCC_NO_COMMON_BLOCKS = YES;
				GCC_OPTIMIZATION_LEVEL = 0;
				GCC_PREPROCESSOR_DEFINITIONS = (
					"DEBUG=1",
					"$(inherited)",
				);
				GCC_WARN_64_TO_32_BIT_CONVERSION = YES;
				GCC_WARN_ABOUT_RETURN_TYPE = YES_ERROR;
				GCC_WARN_UNDECLARED_SELECTOR = YES;
				GCC_WARN_UNINITIALIZED_AUTOS = YES_AGGRESSIVE;
				GCC_WARN_UNUSED_FUNCTION = YES;
				GCC_WARN_UNUSED_VARIABLE = YES;
				IPHONEOS_DEPLOYMENT_TARGET = 16.4;
				MTL_ENABLE_DEBUG_INFO = INCLUDE_SOURCE;
				MTL_FAST_MATH = YES;
				ONLY_ACTIVE_ARCH = YES;
				SDKROOT = iphoneos;
				SWIFT_ACTIVE_COMPILATION_CONDITIONS = DEBUG;
				SWIFT_OPTIMIZATION_LEVEL = "-Onone";
			};
			name = Debug;
		};
		4683226D2BF381E6006F9BD4 /* Release */ = {
			isa = XCBuildConfiguration;
			buildSettings = {
				ALWAYS_SEARCH_USER_PATHS = NO;
				CLANG_ANALYZER_NONNULL = YES;
				CLANG_ANALYZER_NUMBER_OBJECT_CONVERSION = YES_AGGRESSIVE;
				CLANG_CXX_LANGUAGE_STANDARD = "gnu++20";
				CLANG_ENABLE_MODULES = YES;
				CLANG_ENABLE_OBJC_ARC = YES;
				CLANG_ENABLE_OBJC_WEAK = YES;
				CLANG_WARN_BLOCK_CAPTURE_AUTORELEASING = YES;
				CLANG_WARN_BOOL_CONVERSION = YES;
				CLANG_WARN_COMMA = YES;
				CLANG_WARN_CONSTANT_CONVERSION = YES;
				CLANG_WARN_DEPRECATED_OBJC_IMPLEMENTATIONS = YES;
				CLANG_WARN_DIRECT_OBJC_ISA_USAGE = YES_ERROR;
				CLANG_WARN_DOCUMENTATION_COMMENTS = YES;
				CLANG_WARN_EMPTY_BODY = YES;
				CLANG_WARN_ENUM_CONVERSION = YES;
				CLANG_WARN_INFINITE_RECURSION = YES;
				CLANG_WARN_INT_CONVERSION = YES;
				CLANG_WARN_NON_LITERAL_NULL_CONVERSION = YES;
				CLANG_WARN_OBJC_IMPLICIT_RETAIN_SELF = YES;
				CLANG_WARN_OBJC_LITERAL_CONVERSION = YES;
				CLANG_WARN_OBJC_ROOT_CLASS = YES_ERROR;
				CLANG_WARN_QUOTED_INCLUDE_IN_FRAMEWORK_HEADER = YES;
				CLANG_WARN_RANGE_LOOP_ANALYSIS = YES;
				CLANG_WARN_STRICT_PROTOTYPES = YES;
				CLANG_WARN_SUSPICIOUS_MOVE = YES;
				CLANG_WARN_UNGUARDED_AVAILABILITY = YES_AGGRESSIVE;
				CLANG_WARN_UNREACHABLE_CODE = YES;
				CLANG_WARN__DUPLICATE_METHOD_MATCH = YES;
				COPY_PHASE_STRIP = NO;
				DEBUG_INFORMATION_FORMAT = "dwarf-with-dsym";
				ENABLE_NS_ASSERTIONS = NO;
				ENABLE_STRICT_OBJC_MSGSEND = YES;
				GCC_C_LANGUAGE_STANDARD = gnu11;
				GCC_NO_COMMON_BLOCKS = YES;
				GCC_WARN_64_TO_32_BIT_CONVERSION = YES;
				GCC_WARN_ABOUT_RETURN_TYPE = YES_ERROR;
				GCC_WARN_UNDECLARED_SELECTOR = YES;
				GCC_WARN_UNINITIALIZED_AUTOS = YES_AGGRESSIVE;
				GCC_WARN_UNUSED_FUNCTION = YES;
				GCC_WARN_UNUSED_VARIABLE = YES;
				IPHONEOS_DEPLOYMENT_TARGET = 16.4;
				MTL_ENABLE_DEBUG_INFO = NO;
				MTL_FAST_MATH = YES;
				SDKROOT = iphoneos;
				SWIFT_COMPILATION_MODE = wholemodule;
				SWIFT_OPTIMIZATION_LEVEL = "-O";
				VALIDATE_PRODUCT = YES;
			};
			name = Release;
		};
		4683226F2BF381E6006F9BD4 /* Debug */ = {
			isa = XCBuildConfiguration;
			buildSettings = {
				ASSETCATALOG_COMPILER_APPICON_NAME = AppIcon;
				ASSETCATALOG_COMPILER_GLOBAL_ACCENT_COLOR_NAME = AccentColor;
				CODE_SIGN_STYLE = Automatic;
				CURRENT_PROJECT_VERSION = 1;
				DEVELOPMENT_ASSET_PATHS = "\"JournalPro/Preview Content\"";
				DEVELOPMENT_TEAM = X458CUZL7L;
				ENABLE_PREVIEWS = YES;
				GENERATE_INFOPLIST_FILE = YES;
				INFOPLIST_KEY_UIApplicationSceneManifest_Generation = YES;
				INFOPLIST_KEY_UIApplicationSupportsIndirectInputEvents = YES;
				INFOPLIST_KEY_UILaunchScreen_Generation = YES;
				INFOPLIST_KEY_UISupportedInterfaceOrientations_iPad = "UIInterfaceOrientationPortrait UIInterfaceOrientationPortraitUpsideDown UIInterfaceOrientationLandscapeLeft UIInterfaceOrientationLandscapeRight";
				INFOPLIST_KEY_UISupportedInterfaceOrientations_iPhone = "UIInterfaceOrientationPortrait UIInterfaceOrientationLandscapeLeft UIInterfaceOrientationLandscapeRight";
				LD_RUNPATH_SEARCH_PATHS = (
					"$(inherited)",
					"@executable_path/Frameworks",
				);
				MARKETING_VERSION = 1.0;
				PRODUCT_BUNDLE_IDENTIFIER = io..JournalPro;
				PRODUCT_NAME = "$(TARGET_NAME)";
				SWIFT_EMIT_LOC_STRINGS = YES;
				SWIFT_VERSION = 5.0;
				TARGETED_DEVICE_FAMILY = "1,2";
			};
			name = Debug;
		};
		468322702BF381E6006F9BD4 /* Release */ = {
			isa = XCBuildConfiguration;
			buildSettings = {
				ASSETCATALOG_COMPILER_APPICON_NAME = AppIcon;
				ASSETCATALOG_COMPILER_GLOBAL_ACCENT_COLOR_NAME = AccentColor;
				CODE_SIGN_STYLE = Automatic;
				CURRENT_PROJECT_VERSION = 1;
				DEVELOPMENT_ASSET_PATHS = "\"JournalPro/Preview Content\"";
				DEVELOPMENT_TEAM = X458CUZL7L;
				ENABLE_PREVIEWS = YES;
				GENERATE_INFOPLIST_FILE = YES;
				INFOPLIST_KEY_UIApplicationSceneManifest_Generation = YES;
				INFOPLIST_KEY_UIApplicationSupportsIndirectInputEvents = YES;
				INFOPLIST_KEY_UILaunchScreen_Generation = YES;
				INFOPLIST_KEY_UISupportedInterfaceOrientations_iPad = "UIInterfaceOrientationPortrait UIInterfaceOrientationPortraitUpsideDown UIInterfaceOrientationLandscapeLeft UIInterfaceOrientationLandscapeRight";
				INFOPLIST_KEY_UISupportedInterfaceOrientations_iPhone = "UIInterfaceOrientationPortrait UIInterfaceOrientationLandscapeLeft UIInterfaceOrientationLandscapeRight";
				LD_RUNPATH_SEARCH_PATHS = (
					"$(inherited)",
					"@executable_path/Frameworks",
				);
				MARKETING_VERSION = 1.0;
				PRODUCT_BUNDLE_IDENTIFIER = io..JournalPro;
				PRODUCT_NAME = "$(TARGET_NAME)";
				SWIFT_EMIT_LOC_STRINGS = YES;
				SWIFT_VERSION = 5.0;
				TARGETED_DEVICE_FAMILY = "1,2";
			};
			name = Release;
		};
		468322722BF381E6006F9BD4 /* Debug */ = {
			isa = XCBuildConfiguration;
			buildSettings = {
				ALWAYS_EMBED_SWIFT_STANDARD_LIBRARIES = YES;
				BUNDLE_LOADER = "$(TEST_HOST)";
				CODE_SIGN_STYLE = Automatic;
				CURRENT_PROJECT_VERSION = 1;
				DEVELOPMENT_TEAM = X458CUZL7L;
				GENERATE_INFOPLIST_FILE = YES;
				IPHONEOS_DEPLOYMENT_TARGET = 16.4;
				MARKETING_VERSION = 1.0;
				PRODUCT_BUNDLE_IDENTIFIER = io..JournalProTests;
				PRODUCT_NAME = "$(TARGET_NAME)";
				SWIFT_EMIT_LOC_STRINGS = NO;
				SWIFT_VERSION = 5.0;
				TARGETED_DEVICE_FAMILY = "1,2";
				TEST_HOST = "$(BUILT_PRODUCTS_DIR)/JournalPro.app/$(BUNDLE_EXECUTABLE_FOLDER_PATH)/JournalPro";
			};
			name = Debug;
		};
		468322732BF381E6006F9BD4 /* Release */ = {
			isa = XCBuildConfiguration;
			buildSettings = {
				ALWAYS_EMBED_SWIFT_STANDARD_LIBRARIES = YES;
				BUNDLE_LOADER = "$(TEST_HOST)";
				CODE_SIGN_STYLE = Automatic;
				CURRENT_PROJECT_VERSION = 1;
				DEVELOPMENT_TEAM = X458CUZL7L;
				GENERATE_INFOPLIST_FILE = YES;
				IPHONEOS_DEPLOYMENT_TARGET = 16.4;
				MARKETING_VERSION = 1.0;
				PRODUCT_BUNDLE_IDENTIFIER = io..JournalProTests;
				PRODUCT_NAME = "$(TARGET_NAME)";
				SWIFT_EMIT_LOC_STRINGS = NO;
				SWIFT_VERSION = 5.0;
				TARGETED_DEVICE_FAMILY = "1,2";
				TEST_HOST = "$(BUILT_PRODUCTS_DIR)/JournalPro.app/$(BUNDLE_EXECUTABLE_FOLDER_PATH)/JournalPro";
			};
			name = Release;
		};
		468322752BF381E6006F9BD4 /* Debug */ = {
			isa = XCBuildConfiguration;
			buildSettings = {
				ALWAYS_EMBED_SWIFT_STANDARD_LIBRARIES = YES;
				CODE_SIGN_STYLE = Automatic;
				CURRENT_PROJECT_VERSION = 1;
				DEVELOPMENT_TEAM = X458CUZL7L;
				GENERATE_INFOPLIST_FILE = YES;
				MARKETING_VERSION = 1.0;
				PRODUCT_BUNDLE_IDENTIFIER = io..JournalProUITests;
				PRODUCT_NAME = "$(TARGET_NAME)";
				SWIFT_EMIT_LOC_STRINGS = NO;
				SWIFT_VERSION = 5.0;
				TARGETED_DEVICE_FAMILY = "1,2";
				TEST_TARGET_NAME = JournalPro;
			};
			name = Debug;
		};
		468322762BF381E6006F9BD4 /* Release */ = {
			isa = XCBuildConfiguration;
			buildSettings = {
				ALWAYS_EMBED_SWIFT_STANDARD_LIBRARIES = YES;
				CODE_SIGN_STYLE = Automatic;
				CURRENT_PROJECT_VERSION = 1;
				DEVELOPMENT_TEAM = X458CUZL7L;
				GENERATE_INFOPLIST_FILE = YES;
				MARKETING_VERSION = 1.0;
				PRODUCT_BUNDLE_IDENTIFIER = io..JournalProUITests;
				PRODUCT_NAME = "$(TARGET_NAME)";
				SWIFT_EMIT_LOC_STRINGS = NO;
				SWIFT_VERSION = 5.0;
				TARGETED_DEVICE_FAMILY = "1,2";
				TEST_TARGET_NAME = JournalPro;
			};
			name = Release;
		};
/* End XCBuildConfiguration section */

/* Begin XCConfigurationList section */
		468322452BF381E5006F9BD4 /* Build configuration list for PBXProject "JournalPro" */ = {
			isa = XCConfigurationList;
			buildConfigurations = (
				4683226C2BF381E6006F9BD4 /* Debug */,
				4683226D2BF381E6006F9BD4 /* Release */,
			);
			defaultConfigurationIsVisible = 0;
			defaultConfigurationName = Release;
		};
		4683226E2BF381E6006F9BD4 /* Build configuration list for PBXNativeTarget "JournalPro" */ = {
			isa = XCConfigurationList;
			buildConfigurations = (
				4683226F2BF381E6006F9BD4 /* Debug */,
				468322702BF381E6006F9BD4 /* Release */,
			);
			defaultConfigurationIsVisible = 0;
			defaultConfigurationName = Release;
		};
		468322712BF381E6006F9BD4 /* Build configuration list for PBXNativeTarget "JournalProTests" */ = {
			isa = XCConfigurationList;
			buildConfigurations = (
				468322722BF381E6006F9BD4 /* Debug */,
				468322732BF381E6006F9BD4 /* Release */,
			);
			defaultConfigurationIsVisible = 0;
			defaultConfigurationName = Release;
		};
		468322742BF381E6006F9BD4 /* Build configuration list for PBXNativeTarget "JournalProUITests" */ = {
			isa = XCConfigurationList;
			buildConfigurations = (
				468322752BF381E6006F9BD4 /* Debug */,
				468322762BF381E6006F9BD4 /* Release */,
			);
			defaultConfigurationIsVisible = 0;
			defaultConfigurationName = Release;
		};
/* End XCConfigurationList section */

/* Begin XCRemoteSwiftPackageReference section */
		462731FE2C08AE6E0063524D /* XCRemoteSwiftPackageReference "firebase-ios-sdk" */ = {
			isa = XCRemoteSwiftPackageReference;
			repositoryURL = "https://github.com/firebase/firebase-ios-sdk";
			requirement = {
				kind = upToNextMajorVersion;
				minimumVersion = 10.0.0;
			};
		};
/* End XCRemoteSwiftPackageReference section */

/* Begin XCSwiftPackageProductDependency section */
		462732002C08AE800063524D /* FirebaseFirestore */ = {
			isa = XCSwiftPackageProductDependency;
			package = 462731FE2C08AE6E0063524D /* XCRemoteSwiftPackageReference "firebase-ios-sdk" */;
			productName = FirebaseFirestore;
		};
		462732022C08AE8A0063524D /* FirebaseFirestoreSwift */ = {
			isa = XCSwiftPackageProductDependency;
			package = 462731FE2C08AE6E0063524D /* XCRemoteSwiftPackageReference "firebase-ios-sdk" */;
			productName = FirebaseFirestoreSwift;
		};
		462732042C08AE910063524D /* FirebaseAuth */ = {
			isa = XCSwiftPackageProductDependency;
			package = 462731FE2C08AE6E0063524D /* XCRemoteSwiftPackageReference "firebase-ios-sdk" */;
			productName = FirebaseAuth;
		};
		462732062C08AE990063524D /* FirebaseStorage */ = {
			isa = XCSwiftPackageProductDependency;
			package = 462731FE2C08AE6E0063524D /* XCRemoteSwiftPackageReference "firebase-ios-sdk" */;
			productName = FirebaseStorage;
		};
/* End XCSwiftPackageProductDependency section */
	};
	rootObject = 468322422BF381E5006F9BD4 /* Project object */;
}
