// !$*UTF8*$!
{
	archiveVersion = 1;
	classes = {
	};
	objectVersion = 56;
	objects = {

/* Begin PBXBuildFile section */
		4683224E2BF381E5006F9BD4 /* JournalProApp.swift in Sources */ = {isa = PBXBuildFile; fileRef = 4683224D2BF381E5006F9BD4 /* JournalProApp.swift */; };
		468322502BF381E5006F9BD4 /* ContentView.swift in Sources */ = {isa = PBXBuildFile; fileRef = 4683224F2BF381E5006F9BD4 /* ContentView.swift */; };
		468322522BF381E6006F9BD4 /* Assets.xcassets in Resources */ = {isa = PBXBuildFile; fileRef = 468322512BF381E6006F9BD4 /* Assets.xcassets */; };
		468322552BF381E6006F9BD4 /* Preview Assets.xcassets in Resources */ = {isa = PBXBuildFile; fileRef = 468322542BF381E6006F9BD4 /* Preview Assets.xcassets */; };
		4683225F2BF381E6006F9BD4 /* JournalProTests.swift in Sources */ = {isa = PBXBuildFile; fileRef = 4683225E2BF381E6006F9BD4 /* JournalProTests.swift */; };
		468322692BF381E6006F9BD4 /* JournalProUITests.swift in Sources */ = {isa = PBXBuildFile; fileRef = 468322682BF381E6006F9BD4 /* JournalProUITests.swift */; };
		4683226B2BF381E6006F9BD4 /* JournalProUITestsLaunchTests.swift in Sources */ = {isa = PBXBuildFile; fileRef = 4683226A2BF381E6006F9BD4 /* JournalProUITestsLaunchTests.swift */; };
		4683227E2BF3826F006F9BD4 /* ClientModel.xcdatamodeld in Sources */ = {isa = PBXBuildFile; fileRef = 4683227C2BF3826F006F9BD4 /* ClientModel.xcdatamodeld */; };
/* End PBXBuildFile section */

/* Begin PBXContainerItemProxy section */
		4683225B2BF381E6006F9BD4 /* PBXContainerItemProxy */ = {
			isa = PBXContainerItemProxy;
			containerPortal = 468322422BF381E5006F9BD4 /* Project object */;
			proxyType = 1;
			remoteGlobalIDString = 468322492BF381E5006F9BD4;
			remoteInfo = JournalPro;
		};
		468322652BF381E6006F9BD4 /* PBXContainerItemProxy */ = {
			isa = PBXContainerItemProxy;
			containerPortal = 468322422BF381E5006F9BD4 /* Project object */;
			proxyType = 1;
			remoteGlobalIDString = 468322492BF381E5006F9BD4;
			remoteInfo = JournalPro;
		};
/* End PBXContainerItemProxy section */

/* Begin PBXFileReference section */
		4683224A2BF381E5006F9BD4 /* JournalPro.app */ = {isa = PBXFileReference; explicitFileType = wrapper.application; includeInIndex = 0; path = JournalPro.app; sourceTree = BUILT_PRODUCTS_DIR; };
		4683224D2BF381E5006F9BD4 /* JournalProApp.swift */ = {isa = PBXFileReference; lastKnownFileType = sourcecode.swift; path = JournalProApp.swift; sourceTree = "<group>"; };
		4683224F2BF381E5006F9BD4 /* ContentView.swift */ = {isa = PBXFileReference; lastKnownFileType = sourcecode.swift; path = ContentView.swift; sourceTree = "<group>"; };
		468322512BF381E6006F9BD4 /* Assets.xcassets */ = {isa = PBXFileReference; lastKnownFileType = folder.assetcatalog; path = Assets.xcassets; sourceTree = "<group>"; };
		468322542BF381E6006F9BD4 /* Preview Assets.xcassets */ = {isa = PBXFileReference; lastKnownFileType = folder.assetcatalog; path = "Preview Assets.xcassets"; sourceTree = "<group>"; };
		4683225A2BF381E6006F9BD4 /* JournalProTests.xctest */ = {isa = PBXFileReference; explicitFileType = wrapper.cfbundle; includeInIndex = 0; path = JournalProTests.xctest; sourceTree = BUILT_PRODUCTS_DIR; };
		4683225E2BF381E6006F9BD4 /* JournalProTests.swift */ = {isa = PBXFileReference; lastKnownFileType = sourcecode.swift; path = JournalProTests.swift; sourceTree = "<group>"; };
		468322642BF381E6006F9BD4 /* JournalProUITests.xctest */ = {isa = PBXFileReference; explicitFileType = wrapper.cfbundle; includeInIndex = 0; path = JournalProUITests.xctest; sourceTree = BUILT_PRODUCTS_DIR; };
		468322682BF381E6006F9BD4 /* JournalProUITests.swift */ = {isa = PBXFileReference; lastKnownFileType = sourcecode.swift; path = JournalProUITests.swift; sourceTree = "<group>"; };
		4683226A2BF381E6006F9BD4 /* JournalProUITestsLaunchTests.swift */ = {isa = PBXFileReference; lastKnownFileType = sourcecode.swift; path = JournalProUITestsLaunchTests.swift; sourceTree = "<group>"; };
		4683227D2BF3826F006F9BD4 /* ClientModel.xcdatamodel */ = {isa = PBXFileReference; lastKnownFileType = wrapper.xcdatamodel; path = ClientModel.xcdatamodel; sourceTree = "<group>"; };
/* End PBXFileReference section */

/* Begin PBXFrameworksBuildPhase section */
		468322472BF381E5006F9BD4 /* Frameworks */ = {
			isa = PBXFrameworksBuildPhase;
			buildActionMask = 2147483647;
			files = (
			);
			runOnlyForDeploymentPostprocessing = 0;
		};
		468322572BF381E6006F9BD4 /* Frameworks */ = {
			isa = PBXFrameworksBuildPhase;
			buildActionMask = 2147483647;
			files = (
			);
			runOnlyForDeploymentPostprocessing = 0;
		};
		468322612BF381E6006F9BD4 /* Frameworks */ = {
			isa = PBXFrameworksBuildPhase;
			buildActionMask = 2147483647;
			files = (
			);
			runOnlyForDeploymentPostprocessing = 0;
		};
/* End PBXFrameworksBuildPhase section */

/* Begin PBXGroup section */
		468322412BF381E5006F9BD4 = {
			isa = PBXGroup;
			children = (
				4683227B2BF3823D006F9BD4 /* App */,
				4683227A2BF38233006F9BD4 /* CoreData */,
				468322792BF3822D006F9BD4 /* Model */,
				468322782BF38222006F9BD4 /* ViewModel */,
				468322772BF38219006F9BD4 /* Views */,
				4683224C2BF381E5006F9BD4 /* JournalPro */,
				4683225D2BF381E6006F9BD4 /* JournalProTests */,
				468322672BF381E6006F9BD4 /* JournalProUITests */,
				4683224B2BF381E5006F9BD4 /* Products */,
			);
			sourceTree = "<group>";
		};
		4683224B2BF381E5006F9BD4 /* Products */ = {
			isa = PBXGroup;
			children = (
				4683224A2BF381E5006F9BD4 /* JournalPro.app */,
				4683225A2BF381E6006F9BD4 /* JournalProTests.xctest */,
				468322642BF381E6006F9BD4 /* JournalProUITests.xctest */,
			);
			name = Products;
			sourceTree = "<group>";
		};
		4683224C2BF381E5006F9BD4 /* JournalPro */ = {
			isa = PBXGroup;
			children = (
				468322512BF381E6006F9BD4 /* Assets.xcassets */,
				468322532BF381E6006F9BD4 /* Preview Content */,
			);
			path = JournalPro;
			sourceTree = "<group>";
		};
		468322532BF381E6006F9BD4 /* Preview Content */ = {
			isa = PBXGroup;
			children = (
				468322542BF381E6006F9BD4 /* Preview Assets.xcassets */,
			);
			path = "Preview Content";
			sourceTree = "<group>";
		};
		4683225D2BF381E6006F9BD4 /* JournalProTests */ = {
			isa = PBXGroup;
			children = (
				4683225E2BF381E6006F9BD4 /* JournalProTests.swift */,
			);
			path = JournalProTests;
			sourceTree = "<group>";
		};
		468322672BF381E6006F9BD4 /* JournalProUITests */ = {
			isa = PBXGroup;
			children = (
				468322682BF381E6006F9BD4 /* JournalProUITests.swift */,
				4683226A2BF381E6006F9BD4 /* JournalProUITestsLaunchTests.swift */,
			);
			path = JournalProUITests;
			sourceTree = "<group>";
		};
		468322772BF38219006F9BD4 /* Views */ = {
			isa = PBXGroup;
			children = (
				4683224F2BF381E5006F9BD4 /* ContentView.swift */,
			);
			path = Views;
			sourceTree = "<group>";
		};
		468322782BF38222006F9BD4 /* ViewModel */ = {
			isa = PBXGroup;
			children = (
			);
			path = ViewModel;
			sourceTree = "<group>";
		};
		468322792BF3822D006F9BD4 /* Model */ = {
			isa = PBXGroup;
			children = (
			);
			path = Model;
			sourceTree = "<group>";
		};
		4683227A2BF38233006F9BD4 /* CoreData */ = {
			isa = PBXGroup;
			children = (
				4683227C2BF3826F006F9BD4 /* ClientModel.xcdatamodeld */,
			);
			path = CoreData;
			sourceTree = "<group>";
		};
		4683227B2BF3823D006F9BD4 /* App */ = {
			isa = PBXGroup;
			children = (
				4683224D2BF381E5006F9BD4 /* JournalProApp.swift */,
			);
			path = App;
			sourceTree = "<group>";
		};
/* End PBXGroup section */

/* Begin PBXNativeTarget section */
		468322492BF381E5006F9BD4 /* JournalPro */ = {
			isa = PBXNativeTarget;
			buildConfigurationList = 4683226E2BF381E6006F9BD4 /* Build configuration list for PBXNativeTarget "JournalPro" */;
			buildPhases = (
				468322462BF381E5006F9BD4 /* Sources */,
				468322472BF381E5006F9BD4 /* Frameworks */,
				468322482BF381E5006F9BD4 /* Resources */,
			);
			buildRules = (
			);
			dependencies = (
			);
			name = JournalPro;
			productName = JournalPro;
			productReference = 4683224A2BF381E5006F9BD4 /* JournalPro.app */;
			productType = "com.apple.product-type.application";
		};
		468322592BF381E6006F9BD4 /* JournalProTests */ = {
			isa = PBXNativeTarget;
			buildConfigurationList = 468322712BF381E6006F9BD4 /* Build configuration list for PBXNativeTarget "JournalProTests" */;
			buildPhases = (
				468322562BF381E6006F9BD4 /* Sources */,
				468322572BF381E6006F9BD4 /* Frameworks */,
				468322582BF381E6006F9BD4 /* Resources */,
			);
			buildRules = (
			);
			dependencies = (
				4683225C2BF381E6006F9BD4 /* PBXTargetDependency */,
			);
			name = JournalProTests;
			productName = JournalProTests;
			productReference = 4683225A2BF381E6006F9BD4 /* JournalProTests.xctest */;
			productType = "com.apple.product-type.bundle.unit-test";
		};
		468322632BF381E6006F9BD4 /* JournalProUITests */ = {
			isa = PBXNativeTarget;
			buildConfigurationList = 468322742BF381E6006F9BD4 /* Build configuration list for PBXNativeTarget "JournalProUITests" */;
			buildPhases = (
				468322602BF381E6006F9BD4 /* Sources */,
				468322612BF381E6006F9BD4 /* Frameworks */,
				468322622BF381E6006F9BD4 /* Resources */,
			);
			buildRules = (
			);
			dependencies = (
				468322662BF381E6006F9BD4 /* PBXTargetDependency */,
			);
			name = JournalProUITests;
			productName = JournalProUITests;
			productReference = 468322642BF381E6006F9BD4 /* JournalProUITests.xctest */;
			productType = "com.apple.product-type.bundle.ui-testing";
		};
/* End PBXNativeTarget section */

/* Begin PBXProject section */
		468322422BF381E5006F9BD4 /* Project object */ = {
			isa = PBXProject;
			attributes = {
				BuildIndependentTargetsInParallel = 1;
				LastSwiftUpdateCheck = 1430;
				LastUpgradeCheck = 1430;
				TargetAttributes = {
					468322492BF381E5006F9BD4 = {
						CreatedOnToolsVersion = 14.3.1;
					};
					468322592BF381E6006F9BD4 = {
						CreatedOnToolsVersion = 14.3.1;
						TestTargetID = 468322492BF381E5006F9BD4;
					};
					468322632BF381E6006F9BD4 = {
						CreatedOnToolsVersion = 14.3.1;
						TestTargetID = 468322492BF381E5006F9BD4;
					};
				};
			};
			buildConfigurationList = 468322452BF381E5006F9BD4 /* Build configuration list for PBXProject "JournalPro" */;
			compatibilityVersion = "Xcode 14.0";
			developmentRegion = en;
			hasScannedForEncodings = 0;
			knownRegions = (
				en,
				Base,
			);
			mainGroup = 468322412BF381E5006F9BD4;
			productRefGroup = 4683224B2BF381E5006F9BD4 /* Products */;
			projectDirPath = "";
			projectRoot = "";
			targets = (
				468322492BF381E5006F9BD4 /* JournalPro */,
				468322592BF381E6006F9BD4 /* JournalProTests */,
				468322632BF381E6006F9BD4 /* JournalProUITests */,
			);
		};
/* End PBXProject section */

/* Begin PBXResourcesBuildPhase section */
		468322482BF381E5006F9BD4 /* Resources */ = {
			isa = PBXResourcesBuildPhase;
			buildActionMask = 2147483647;
			files = (
				468322552BF381E6006F9BD4 /* Preview Assets.xcassets in Resources */,
				468322522BF381E6006F9BD4 /* Assets.xcassets in Resources */,
			);
			runOnlyForDeploymentPostprocessing = 0;
		};
		468322582BF381E6006F9BD4 /* Resources */ = {
			isa = PBXResourcesBuildPhase;
			buildActionMask = 2147483647;
			files = (
			);
			runOnlyForDeploymentPostprocessing = 0;
		};
		468322622BF381E6006F9BD4 /* Resources */ = {
			isa = PBXResourcesBuildPhase;
			buildActionMask = 2147483647;
			files = (
			);
			runOnlyForDeploymentPostprocessing = 0;
		};
/* End PBXResourcesBuildPhase section */

/* Begin PBXSourcesBuildPhase section */
		468322462BF381E5006F9BD4 /* Sources */ = {
			isa = PBXSourcesBuildPhase;
			buildActionMask = 2147483647;
			files = (
				468322502BF381E5006F9BD4 /* ContentView.swift in Sources */,
				4683224E2BF381E5006F9BD4 /* JournalProApp.swift in Sources */,
				4683227E2BF3826F006F9BD4 /* ClientModel.xcdatamodeld in Sources */,
			);
			runOnlyForDeploymentPostprocessing = 0;
		};
		468322562BF381E6006F9BD4 /* Sources */ = {
			isa = PBXSourcesBuildPhase;
			buildActionMask = 2147483647;
			files = (
				4683225F2BF381E6006F9BD4 /* JournalProTests.swift in Sources */,
			);
			runOnlyForDeploymentPostprocessing = 0;
		};
		468322602BF381E6006F9BD4 /* Sources */ = {
			isa = PBXSourcesBuildPhase;
			buildActionMask = 2147483647;
			files = (
				4683226B2BF381E6006F9BD4 /* JournalProUITestsLaunchTests.swift in Sources */,
				468322692BF381E6006F9BD4 /* JournalProUITests.swift in Sources */,
			);
			runOnlyForDeploymentPostprocessing = 0;
		};
/* End PBXSourcesBuildPhase section */

/* Begin PBXTargetDependency section */
		4683225C2BF381E6006F9BD4 /* PBXTargetDependency */ = {
			isa = PBXTargetDependency;
			target = 468322492BF381E5006F9BD4 /* JournalPro */;
			targetProxy = 4683225B2BF381E6006F9BD4 /* PBXContainerItemProxy */;
		};
		468322662BF381E6006F9BD4 /* PBXTargetDependency */ = {
			isa = PBXTargetDependency;
			target = 468322492BF381E5006F9BD4 /* JournalPro */;
			targetProxy = 468322652BF381E6006F9BD4 /* PBXContainerItemProxy */;
		};
/* End PBXTargetDependency section */

/* Begin XCBuildConfiguration section */
		4683226C2BF381E6006F9BD4 /* Debug */ = {
			isa = XCBuildConfiguration;
			buildSettings = {
				ALWAYS_SEARCH_USER_PATHS = NO;
				CLANG_ANALYZER_NONNULL = YES;
				CLANG_ANALYZER_NUMBER_OBJECT_CONVERSION = YES_AGGRESSIVE;
				CLANG_CXX_LANGUAGE_STANDARD = "gnu++20";
				CLANG_ENABLE_MODULES = YES;
				CLANG_ENABLE_OBJC_ARC = YES;
				CLANG_ENABLE_OBJC_WEAK = YES;
				CLANG_WARN_BLOCK_CAPTURE_AUTORELEASING = YES;
				CLANG_WARN_BOOL_CONVERSION = YES;
				CLANG_WARN_COMMA = YES;
				CLANG_WARN_CONSTANT_CONVERSION = YES;
				CLANG_WARN_DEPRECATED_OBJC_IMPLEMENTATIONS = YES;
				CLANG_WARN_DIRECT_OBJC_ISA_USAGE = YES_ERROR;
				CLANG_WARN_DOCUMENTATION_COMMENTS = YES;
				CLANG_WARN_EMPTY_BODY = YES;
				CLANG_WARN_ENUM_CONVERSION = YES;
				CLANG_WARN_INFINITE_RECURSION = YES;
				CLANG_WARN_INT_CONVERSION = YES;
				CLANG_WARN_NON_LITERAL_NULL_CONVERSION = YES;
				CLANG_WARN_OBJC_IMPLICIT_RETAIN_SELF = YES;
				CLANG_WARN_OBJC_LITERAL_CONVERSION = YES;
				CLANG_WARN_OBJC_ROOT_CLASS = YES_ERROR;
				CLANG_WARN_QUOTED_INCLUDE_IN_FRAMEWORK_HEADER = YES;
				CLANG_WARN_RANGE_LOOP_ANALYSIS = YES;
				CLANG_WARN_STRICT_PROTOTYPES = YES;
				CLANG_WARN_SUSPICIOUS_MOVE = YES;
				CLANG_WARN_UNGUARDED_AVAILABILITY = YES_AGGRESSIVE;
				CLANG_WARN_UNREACHABLE_CODE = YES;
				CLANG_WARN__DUPLICATE_METHOD_MATCH = YES;
				COPY_PHASE_STRIP = NO;
				DEBUG_INFORMATION_FORMAT = dwarf;
				ENABLE_STRICT_OBJC_MSGSEND = YES;
				ENABLE_TESTABILITY = YES;
				GCC_C_LANGUAGE_STANDARD = gnu11;
				GCC_DYNAMIC_NO_PIC = NO;
				GCC_NO_COMMON_BLOCKS = YES;
				GCC_OPTIMIZATION_LEVEL = 0;
				GCC_PREPROCESSOR_DEFINITIONS = (
					"DEBUG=1",
					"$(inherited)",
				);
				GCC_WARN_64_TO_32_BIT_CONVERSION = YES;
				GCC_WARN_ABOUT_RETURN_TYPE = YES_ERROR;
				GCC_WARN_UNDECLARED_SELECTOR = YES;
				GCC_WARN_UNINITIALIZED_AUTOS = YES_AGGRESSIVE;
				GCC_WARN_UNUSED_FUNCTION = YES;
				GCC_WARN_UNUSED_VARIABLE = YES;
				IPHONEOS_DEPLOYMENT_TARGET = 16.4;
				MTL_ENABLE_DEBUG_INFO = INCLUDE_SOURCE;
				MTL_FAST_MATH = YES;
				ONLY_ACTIVE_ARCH = YES;
				SDKROOT = iphoneos;
				SWIFT_ACTIVE_COMPILATION_CONDITIONS = DEBUG;
				SWIFT_OPTIMIZATION_LEVEL = "-Onone";
			};
			name = Debug;
		};
		4683226D2BF381E6006F9BD4 /* Release */ = {
			isa = XCBuildConfiguration;
			buildSettings = {
				ALWAYS_SEARCH_USER_PATHS = NO;
				CLANG_ANALYZER_NONNULL = YES;
				CLANG_ANALYZER_NUMBER_OBJECT_CONVERSION = YES_AGGRESSIVE;
				CLANG_CXX_LANGUAGE_STANDARD = "gnu++20";
				CLANG_ENABLE_MODULES = YES;
				CLANG_ENABLE_OBJC_ARC = YES;
				CLANG_ENABLE_OBJC_WEAK = YES;
				CLANG_WARN_BLOCK_CAPTURE_AUTORELEASING = YES;
				CLANG_WARN_BOOL_CONVERSION = YES;
				CLANG_WARN_COMMA = YES;
				CLANG_WARN_CONSTANT_CONVERSION = YES;
				CLANG_WARN_DEPRECATED_OBJC_IMPLEMENTATIONS = YES;
				CLANG_WARN_DIRECT_OBJC_ISA_USAGE = YES_ERROR;
				CLANG_WARN_DOCUMENTATION_COMMENTS = YES;
				CLANG_WARN_EMPTY_BODY = YES;
				CLANG_WARN_ENUM_CONVERSION = YES;
				CLANG_WARN_INFINITE_RECURSION = YES;
				CLANG_WARN_INT_CONVERSION = YES;
				CLANG_WARN_NON_LITERAL_NULL_CONVERSION = YES;
				CLANG_WARN_OBJC_IMPLICIT_RETAIN_SELF = YES;
				CLANG_WARN_OBJC_LITERAL_CONVERSION = YES;
				CLANG_WARN_OBJC_ROOT_CLASS = YES_ERROR;
				CLANG_WARN_QUOTED_INCLUDE_IN_FRAMEWORK_HEADER = YES;
				CLANG_WARN_RANGE_LOOP_ANALYSIS = YES;
				CLANG_WARN_STRICT_PROTOTYPES = YES;
				CLANG_WARN_SUSPICIOUS_MOVE = YES;
				CLANG_WARN_UNGUARDED_AVAILABILITY = YES_AGGRESSIVE;
				CLANG_WARN_UNREACHABLE_CODE = YES;
				CLANG_WARN__DUPLICATE_METHOD_MATCH = YES;
				COPY_PHASE_STRIP = NO;
				DEBUG_INFORMATION_FORMAT = "dwarf-with-dsym";
				ENABLE_NS_ASSERTIONS = NO;
				ENABLE_STRICT_OBJC_MSGSEND = YES;
				GCC_C_LANGUAGE_STANDARD = gnu11;
				GCC_NO_COMMON_BLOCKS = YES;
				GCC_WARN_64_TO_32_BIT_CONVERSION = YES;
				GCC_WARN_ABOUT_RETURN_TYPE = YES_ERROR;
				GCC_WARN_UNDECLARED_SELECTOR = YES;
				GCC_WARN_UNINITIALIZED_AUTOS = YES_AGGRESSIVE;
				GCC_WARN_UNUSED_FUNCTION = YES;
				GCC_WARN_UNUSED_VARIABLE = YES;
				IPHONEOS_DEPLOYMENT_TARGET = 16.4;
				MTL_ENABLE_DEBUG_INFO = NO;
				MTL_FAST_MATH = YES;
				SDKROOT = iphoneos;
				SWIFT_COMPILATION_MODE = wholemodule;
				SWIFT_OPTIMIZATION_LEVEL = "-O";
				VALIDATE_PRODUCT = YES;
			};
			name = Release;
		};
		4683226F2BF381E6006F9BD4 /* Debug */ = {
			isa = XCBuildConfiguration;
			buildSettings = {
				ASSETCATALOG_COMPILER_APPICON_NAME = AppIcon;
				ASSETCATALOG_COMPILER_GLOBAL_ACCENT_COLOR_NAME = AccentColor;
				CODE_SIGN_STYLE = Automatic;
				CURRENT_PROJECT_VERSION = 1;
				DEVELOPMENT_ASSET_PATHS = "\"JournalPro/Preview Content\"";
				DEVELOPMENT_TEAM = X458CUZL7L;
				ENABLE_PREVIEWS = YES;
				GENERATE_INFOPLIST_FILE = YES;
				INFOPLIST_KEY_UIApplicationSceneManifest_Generation = YES;
				INFOPLIST_KEY_UIApplicationSupportsIndirectInputEvents = YES;
				INFOPLIST_KEY_UILaunchScreen_Generation = YES;
				INFOPLIST_KEY_UISupportedInterfaceOrientations_iPad = "UIInterfaceOrientationPortrait UIInterfaceOrientationPortraitUpsideDown UIInterfaceOrientationLandscapeLeft UIInterfaceOrientationLandscapeRight";
				INFOPLIST_KEY_UISupportedInterfaceOrientations_iPhone = "UIInterfaceOrientationPortrait UIInterfaceOrientationLandscapeLeft UIInterfaceOrientationLandscapeRight";
				LD_RUNPATH_SEARCH_PATHS = (
					"$(inherited)",
					"@executable_path/Frameworks",
				);
				MARKETING_VERSION = 1.0;
				PRODUCT_BUNDLE_IDENTIFIER = io..JournalPro;
				PRODUCT_NAME = "$(TARGET_NAME)";
				SWIFT_EMIT_LOC_STRINGS = YES;
				SWIFT_VERSION = 5.0;
				TARGETED_DEVICE_FAMILY = "1,2";
			};
			name = Debug;
		};
		468322702BF381E6006F9BD4 /* Release */ = {
			isa = XCBuildConfiguration;
			buildSettings = {
				ASSETCATALOG_COMPILER_APPICON_NAME = AppIcon;
				ASSETCATALOG_COMPILER_GLOBAL_ACCENT_COLOR_NAME = AccentColor;
				CODE_SIGN_STYLE = Automatic;
				CURRENT_PROJECT_VERSION = 1;
				DEVELOPMENT_ASSET_PATHS = "\"JournalPro/Preview Content\"";
				DEVELOPMENT_TEAM = X458CUZL7L;
				ENABLE_PREVIEWS = YES;
				GENERATE_INFOPLIST_FILE = YES;
				INFOPLIST_KEY_UIApplicationSceneManifest_Generation = YES;
				INFOPLIST_KEY_UIApplicationSupportsIndirectInputEvents = YES;
				INFOPLIST_KEY_UILaunchScreen_Generation = YES;
				INFOPLIST_KEY_UISupportedInterfaceOrientations_iPad = "UIInterfaceOrientationPortrait UIInterfaceOrientationPortraitUpsideDown UIInterfaceOrientationLandscapeLeft UIInterfaceOrientationLandscapeRight";
				INFOPLIST_KEY_UISupportedInterfaceOrientations_iPhone = "UIInterfaceOrientationPortrait UIInterfaceOrientationLandscapeLeft UIInterfaceOrientationLandscapeRight";
				LD_RUNPATH_SEARCH_PATHS = (
					"$(inherited)",
					"@executable_path/Frameworks",
				);
				MARKETING_VERSION = 1.0;
				PRODUCT_BUNDLE_IDENTIFIER = io..JournalPro;
				PRODUCT_NAME = "$(TARGET_NAME)";
				SWIFT_EMIT_LOC_STRINGS = YES;
				SWIFT_VERSION = 5.0;
				TARGETED_DEVICE_FAMILY = "1,2";
			};
			name = Release;
		};
		468322722BF381E6006F9BD4 /* Debug */ = {
			isa = XCBuildConfiguration;
			buildSettings = {
				ALWAYS_EMBED_SWIFT_STANDARD_LIBRARIES = YES;
				BUNDLE_LOADER = "$(TEST_HOST)";
				CODE_SIGN_STYLE = Automatic;
				CURRENT_PROJECT_VERSION = 1;
				DEVELOPMENT_TEAM = X458CUZL7L;
				GENERATE_INFOPLIST_FILE = YES;
				IPHONEOS_DEPLOYMENT_TARGET = 16.4;
				MARKETING_VERSION = 1.0;
				PRODUCT_BUNDLE_IDENTIFIER = io..JournalProTests;
				PRODUCT_NAME = "$(TARGET_NAME)";
				SWIFT_EMIT_LOC_STRINGS = NO;
				SWIFT_VERSION = 5.0;
				TARGETED_DEVICE_FAMILY = "1,2";
				TEST_HOST = "$(BUILT_PRODUCTS_DIR)/JournalPro.app/$(BUNDLE_EXECUTABLE_FOLDER_PATH)/JournalPro";
			};
			name = Debug;
		};
		468322732BF381E6006F9BD4 /* Release */ = {
			isa = XCBuildConfiguration;
			buildSettings = {
				ALWAYS_EMBED_SWIFT_STANDARD_LIBRARIES = YES;
				BUNDLE_LOADER = "$(TEST_HOST)";
				CODE_SIGN_STYLE = Automatic;
				CURRENT_PROJECT_VERSION = 1;
				DEVELOPMENT_TEAM = X458CUZL7L;
				GENERATE_INFOPLIST_FILE = YES;
				IPHONEOS_DEPLOYMENT_TARGET = 16.4;
				MARKETING_VERSION = 1.0;
				PRODUCT_BUNDLE_IDENTIFIER = io..JournalProTests;
				PRODUCT_NAME = "$(TARGET_NAME)";
				SWIFT_EMIT_LOC_STRINGS = NO;
				SWIFT_VERSION = 5.0;
				TARGETED_DEVICE_FAMILY = "1,2";
				TEST_HOST = "$(BUILT_PRODUCTS_DIR)/JournalPro.app/$(BUNDLE_EXECUTABLE_FOLDER_PATH)/JournalPro";
			};
			name = Release;
		};
		468322752BF381E6006F9BD4 /* Debug */ = {
			isa = XCBuildConfiguration;
			buildSettings = {
				ALWAYS_EMBED_SWIFT_STANDARD_LIBRARIES = YES;
				CODE_SIGN_STYLE = Automatic;
				CURRENT_PROJECT_VERSION = 1;
				DEVELOPMENT_TEAM = X458CUZL7L;
				GENERATE_INFOPLIST_FILE = YES;
				MARKETING_VERSION = 1.0;
				PRODUCT_BUNDLE_IDENTIFIER = io..JournalProUITests;
				PRODUCT_NAME = "$(TARGET_NAME)";
				SWIFT_EMIT_LOC_STRINGS = NO;
				SWIFT_VERSION = 5.0;
				TARGETED_DEVICE_FAMILY = "1,2";
				TEST_TARGET_NAME = JournalPro;
			};
			name = Debug;
		};
		468322762BF381E6006F9BD4 /* Release */ = {
			isa = XCBuildConfiguration;
			buildSettings = {
				ALWAYS_EMBED_SWIFT_STANDARD_LIBRARIES = YES;
				CODE_SIGN_STYLE = Automatic;
				CURRENT_PROJECT_VERSION = 1;
				DEVELOPMENT_TEAM = X458CUZL7L;
				GENERATE_INFOPLIST_FILE = YES;
				MARKETING_VERSION = 1.0;
				PRODUCT_BUNDLE_IDENTIFIER = io..JournalProUITests;
				PRODUCT_NAME = "$(TARGET_NAME)";
				SWIFT_EMIT_LOC_STRINGS = NO;
				SWIFT_VERSION = 5.0;
				TARGETED_DEVICE_FAMILY = "1,2";
				TEST_TARGET_NAME = JournalPro;
			};
			name = Release;
		};
/* End XCBuildConfiguration section */

/* Begin XCConfigurationList section */
		468322452BF381E5006F9BD4 /* Build configuration list for PBXProject "JournalPro" */ = {
			isa = XCConfigurationList;
			buildConfigurations = (
				4683226C2BF381E6006F9BD4 /* Debug */,
				4683226D2BF381E6006F9BD4 /* Release */,
			);
			defaultConfigurationIsVisible = 0;
			defaultConfigurationName = Release;
		};
		4683226E2BF381E6006F9BD4 /* Build configuration list for PBXNativeTarget "JournalPro" */ = {
			isa = XCConfigurationList;
			buildConfigurations = (
				4683226F2BF381E6006F9BD4 /* Debug */,
				468322702BF381E6006F9BD4 /* Release */,
			);
			defaultConfigurationIsVisible = 0;
			defaultConfigurationName = Release;
		};
		468322712BF381E6006F9BD4 /* Build configuration list for PBXNativeTarget "JournalProTests" */ = {
			isa = XCConfigurationList;
			buildConfigurations = (
				468322722BF381E6006F9BD4 /* Debug */,
				468322732BF381E6006F9BD4 /* Release */,
			);
			defaultConfigurationIsVisible = 0;
			defaultConfigurationName = Release;
		};
		468322742BF381E6006F9BD4 /* Build configuration list for PBXNativeTarget "JournalProUITests" */ = {
			isa = XCConfigurationList;
			buildConfigurations = (
				468322752BF381E6006F9BD4 /* Debug */,
				468322762BF381E6006F9BD4 /* Release */,
			);
			defaultConfigurationIsVisible = 0;
			defaultConfigurationName = Release;
		};
/* End XCConfigurationList section */

/* Begin XCVersionGroup section */
		4683227C2BF3826F006F9BD4 /* ClientModel.xcdatamodeld */ = {
			isa = XCVersionGroup;
			children = (
				4683227D2BF3826F006F9BD4 /* ClientModel.xcdatamodel */,
			);
			currentVersion = 4683227D2BF3826F006F9BD4 /* ClientModel.xcdatamodel */;
			path = ClientModel.xcdatamodeld;
			sourceTree = "<group>";
			versionGroupType = wrapper.xcdatamodel;
		};
/* End XCVersionGroup section */
	};
	rootObject = 468322422BF381E5006F9BD4 /* Project object */;
}
